
Microsoft Visual Studio Solution File, Format Version 12.00
# Visual Studio 15
VisualStudioVersion = 15.0.28307.1169
MinimumVisualStudioVersion = 10.0.40219.1
Project("{2150E333-8FDC-42A3-9474-1A3956D46DE8}") = "Feature", "Feature", "{17DD5718-6E13-4F2C-9738-B410396D4552}"
EndProject
Project("{2150E333-8FDC-42A3-9474-1A3956D46DE8}") = "Foundation", "Foundation", "{4FDA1DCD-D33E-447E-91C1-F4AE818E2CF0}"
EndProject
Project("{2150E333-8FDC-42A3-9474-1A3956D46DE8}") = "Project", "Project", "{15D97D61-D597-42EC-B7E9-E9EC8130E630}"
EndProject
Project("{FAE04EC0-301F-11D3-BF4B-00C04F79EFBC}") = "Promo", "src\Feature\Promo\code\Promo.csproj", "{6A9B2AE8-EFEC-4847-BFA2-FB50737BD569}"
EndProject
Project("{2150E333-8FDC-42A3-9474-1A3956D46DE8}") = "Theme", "Theme", "{9F935F06-F637-4829-8CDB-E1412986DE68}"
EndProject
Project("{FAE04EC0-301F-11D3-BF4B-00C04F79EFBC}") = "Foundation.Theme", "src\Foundation\Theme\code\Foundation.Theme.csproj", "{58B3544A-4E66-46D0-BAC9-5F5C33140B83}"
EndProject
Project("{2150E333-8FDC-42A3-9474-1A3956D46DE8}") = "Site", "Site", "{D573AB5F-3F8E-4875-BD2E-DE96DE7D77E7}"
EndProject
Project("{FAE04EC0-301F-11D3-BF4B-00C04F79EFBC}") = "Project.Site", "src\Project\Site\code\Project.Site.csproj", "{9425C313-D3D0-4C3F-9D94-E0FB7AB1B401}"
EndProject
Global
	GlobalSection(SolutionConfigurationPlatforms) = preSolution
		Debug|Any CPU = Debug|Any CPU
		Release|Any CPU = Release|Any CPU
	EndGlobalSection
	GlobalSection(ProjectConfigurationPlatforms) = postSolution
		{6A9B2AE8-EFEC-4847-BFA2-FB50737BD569}.Debug|Any CPU.ActiveCfg = Debug|Any CPU
		{6A9B2AE8-EFEC-4847-BFA2-FB50737BD569}.Debug|Any CPU.Build.0 = Debug|Any CPU
		{6A9B2AE8-EFEC-4847-BFA2-FB50737BD569}.Release|Any CPU.ActiveCfg = Release|Any CPU
		{6A9B2AE8-EFEC-4847-BFA2-FB50737BD569}.Release|Any CPU.Build.0 = Release|Any CPU
		{58B3544A-4E66-46D0-BAC9-5F5C33140B83}.Debug|Any CPU.ActiveCfg = Debug|Any CPU
		{58B3544A-4E66-46D0-BAC9-5F5C33140B83}.Debug|Any CPU.Build.0 = Debug|Any CPU
		{58B3544A-4E66-46D0-BAC9-5F5C33140B83}.Release|Any CPU.ActiveCfg = Release|Any CPU
		{58B3544A-4E66-46D0-BAC9-5F5C33140B83}.Release|Any CPU.Build.0 = Release|Any CPU
		{9425C313-D3D0-4C3F-9D94-E0FB7AB1B401}.Debug|Any CPU.ActiveCfg = Debug|Any CPU
		{9425C313-D3D0-4C3F-9D94-E0FB7AB1B401}.Debug|Any CPU.Build.0 = Debug|Any CPU
		{9425C313-D3D0-4C3F-9D94-E0FB7AB1B401}.Release|Any CPU.ActiveCfg = Release|Any CPU
		{9425C313-D3D0-4C3F-9D94-E0FB7AB1B401}.Release|Any CPU.Build.0 = Release|Any CPU
	EndGlobalSection
	GlobalSection(SolutionProperties) = preSolution
		HideSolutionNode = FALSE
	EndGlobalSection
	GlobalSection(NestedProjects) = preSolution
		{6A9B2AE8-EFEC-4847-BFA2-FB50737BD569} = {17DD5718-6E13-4F2C-9738-B410396D4552}
		{9F935F06-F637-4829-8CDB-E1412986DE68} = {4FDA1DCD-D33E-447E-91C1-F4AE818E2CF0}
		{58B3544A-4E66-46D0-BAC9-5F5C33140B83} = {9F935F06-F637-4829-8CDB-E1412986DE68}
		{D573AB5F-3F8E-4875-BD2E-DE96DE7D77E7} = {15D97D61-D597-42EC-B7E9-E9EC8130E630}
		{9425C313-D3D0-4C3F-9D94-E0FB7AB1B401} = {D573AB5F-3F8E-4875-BD2E-DE96DE7D77E7}
	EndGlobalSection
	GlobalSection(ExtensibilityGlobals) = postSolution
		EnterpriseLibraryConfigurationToolBinariesPathV6 = packages\EnterpriseLibrary.Common.6.0.1304.0\lib\NET45;packages\EnterpriseLibrary.TransientFaultHandling.6.0.1304.0\lib\portable-net45+win+wp8;packages\EnterpriseLibrary.TransientFaultHandling.Caching.6.0.1304.0\lib\NET45;packages\EnterpriseLibrary.TransientFaultHandling.Data.6.0.1304.1\lib\NET45;packages\EnterpriseLibrary.TransientFaultHandling.ServiceBus.6.0.1304.0\lib\NET45;packages\EnterpriseLibrary.TransientFaultHandling.WindowsAzure.Storage.6.0.1304.0\lib\NET45;packages\EnterpriseLibrary.TransientFaultHandling.Configuration.6.0.1304.0\lib\NET45
		SolutionGuid = {311DA37D-528B-43B2-A99B-E7253F841D46}
	EndGlobalSection
EndGlobal
